// !$*UTF8*$!
{
	archiveVersion = 1;
	classes = {
	};
	objectVersion = 48;
	objects = {

/* Begin PBXBuildFile section */
		162D71FF203C03B3009C5465 /* startButton.swift in Sources */ = {isa = PBXBuildFile; fileRef = 162D71FE203C03B3009C5465 /* startButton.swift */; };
		165C9FDC203859A10051D148 /* RxCocoa.framework in Frameworks */ = {isa = PBXBuildFile; fileRef = 165C9FDE203859A10051D148 /* RxCocoa.framework */; };
		165C9FDD203859A10051D148 /* RxSwift.framework in Frameworks */ = {isa = PBXBuildFile; fileRef = 165C9FDF203859A10051D148 /* RxSwift.framework */; };
		16C74C92203A92F400CFA1A5 /* answerButton.swift in Sources */ = {isa = PBXBuildFile; fileRef = 16C74C91203A92F400CFA1A5 /* answerButton.swift */; };
		16D1E34C203D37CD00E40626 /* Question.csv in Resources */ = {isa = PBXBuildFile; fileRef = 16D1E34B203D37CD00E40626 /* Question.csv */; };
		16D1E34E203D3ABC00E40626 /* Question.swift in Sources */ = {isa = PBXBuildFile; fileRef = 16D1E34D203D3ABC00E40626 /* Question.swift */; };
		16FFBFFD2037217400B516E5 /* AppDelegate.swift in Sources */ = {isa = PBXBuildFile; fileRef = 16FFBFFC2037217400B516E5 /* AppDelegate.swift */; };
		16FFBFFF2037217400B516E5 /* ViewController.swift in Sources */ = {isa = PBXBuildFile; fileRef = 16FFBFFE2037217400B516E5 /* ViewController.swift */; };
		16FFC0022037217400B516E5 /* Main.storyboard in Resources */ = {isa = PBXBuildFile; fileRef = 16FFC0002037217400B516E5 /* Main.storyboard */; };
		16FFC0042037217400B516E5 /* Assets.xcassets in Resources */ = {isa = PBXBuildFile; fileRef = 16FFC0032037217400B516E5 /* Assets.xcassets */; };
		16FFC0072037217400B516E5 /* LaunchScreen.storyboard in Resources */ = {isa = PBXBuildFile; fileRef = 16FFC0052037217400B516E5 /* LaunchScreen.storyboard */; };
		6F314AE0BBBFF30595FFFF36 /* Pods_Flowing.framework in Frameworks */ = {isa = PBXBuildFile; fileRef = 1BE02E2EBCE549103FB7C414 /* Pods_Flowing.framework */; };
/* End PBXBuildFile section */

/* Begin PBXFileReference section */
		162D71FE203C03B3009C5465 /* startButton.swift */ = {isa = PBXFileReference; lastKnownFileType = sourcecode.swift; path = startButton.swift; sourceTree = "<group>"; };
		165C9FDE203859A10051D148 /* RxCocoa.framework */ = {isa = PBXFileReference; explicitFileType = wrapper.framework; path = RxCocoa.framework; sourceTree = BUILT_PRODUCTS_DIR; };
		165C9FDF203859A10051D148 /* RxSwift.framework */ = {isa = PBXFileReference; explicitFileType = wrapper.framework; path = RxSwift.framework; sourceTree = BUILT_PRODUCTS_DIR; };
		16C74C91203A92F400CFA1A5 /* answerButton.swift */ = {isa = PBXFileReference; lastKnownFileType = sourcecode.swift; path = answerButton.swift; sourceTree = "<group>"; };
		16D1E34B203D37CD00E40626 /* Question.csv */ = {isa = PBXFileReference; fileEncoding = 4; lastKnownFileType = text; path = Question.csv; sourceTree = "<group>"; };
		16D1E34D203D3ABC00E40626 /* Question.swift */ = {isa = PBXFileReference; lastKnownFileType = sourcecode.swift; path = Question.swift; sourceTree = "<group>"; };
		16FFBFF92037217400B516E5 /* Flowing.app */ = {isa = PBXFileReference; explicitFileType = wrapper.application; includeInIndex = 0; path = Flowing.app; sourceTree = BUILT_PRODUCTS_DIR; };
		16FFBFFC2037217400B516E5 /* AppDelegate.swift */ = {isa = PBXFileReference; lastKnownFileType = sourcecode.swift; path = AppDelegate.swift; sourceTree = "<group>"; };
		16FFBFFE2037217400B516E5 /* ViewController.swift */ = {isa = PBXFileReference; lastKnownFileType = sourcecode.swift; path = ViewController.swift; sourceTree = "<group>"; };
		16FFC0012037217400B516E5 /* Base */ = {isa = PBXFileReference; lastKnownFileType = file.storyboard; name = Base; path = Base.lproj/Main.storyboard; sourceTree = "<group>"; };
		16FFC0032037217400B516E5 /* Assets.xcassets */ = {isa = PBXFileReference; lastKnownFileType = folder.assetcatalog; path = Assets.xcassets; sourceTree = "<group>"; };
		16FFC0062037217400B516E5 /* Base */ = {isa = PBXFileReference; lastKnownFileType = file.storyboard; name = Base; path = Base.lproj/LaunchScreen.storyboard; sourceTree = "<group>"; };
		16FFC0082037217400B516E5 /* Info.plist */ = {isa = PBXFileReference; lastKnownFileType = text.plist.xml; path = Info.plist; sourceTree = "<group>"; };
		1BE02E2EBCE549103FB7C414 /* Pods_Flowing.framework */ = {isa = PBXFileReference; explicitFileType = wrapper.framework; includeInIndex = 0; path = Pods_Flowing.framework; sourceTree = BUILT_PRODUCTS_DIR; };
		328DA102E293F53EDA1D5A27 /* Pods-Flowing.release.xcconfig */ = {isa = PBXFileReference; includeInIndex = 1; lastKnownFileType = text.xcconfig; name = "Pods-Flowing.release.xcconfig"; path = "Pods/Target Support Files/Pods-Flowing/Pods-Flowing.release.xcconfig"; sourceTree = "<group>"; };
		87C739F27DDB12064DF61864 /* Pods-Flowing.debug.xcconfig */ = {isa = PBXFileReference; includeInIndex = 1; lastKnownFileType = text.xcconfig; name = "Pods-Flowing.debug.xcconfig"; path = "Pods/Target Support Files/Pods-Flowing/Pods-Flowing.debug.xcconfig"; sourceTree = "<group>"; };
/* End PBXFileReference section */

/* Begin PBXFrameworksBuildPhase section */
		16FFBFF62037217400B516E5 /* Frameworks */ = {
			isa = PBXFrameworksBuildPhase;
			buildActionMask = 2147483647;
			files = (
				165C9FDC203859A10051D148 /* RxCocoa.framework in Frameworks */,
				165C9FDD203859A10051D148 /* RxSwift.framework in Frameworks */,
				6F314AE0BBBFF30595FFFF36 /* Pods_Flowing.framework in Frameworks */,
			);
			runOnlyForDeploymentPostprocessing = 0;
		};
/* End PBXFrameworksBuildPhase section */

/* Begin PBXGroup section */
		16C74C93203A92FC00CFA1A5 /* UIparts */ = {
			isa = PBXGroup;
			children = (
				16C74C91203A92F400CFA1A5 /* answerButton.swift */,
				162D71FE203C03B3009C5465 /* startButton.swift */,
			);
			path = UIparts;
			sourceTree = "<group>";
		};
		16FFBFF02037217400B516E5 = {
			isa = PBXGroup;
			children = (
				16D1E34B203D37CD00E40626 /* Question.csv */,
				16FFBFFB2037217400B516E5 /* Flowing */,
				16FFBFFA2037217400B516E5 /* Products */,
				823B99B57A8CC173BE172E68 /* Pods */,
				F3CA4E829E960626A4696BF6 /* Frameworks */,
			);
			sourceTree = "<group>";
		};
		16FFBFFA2037217400B516E5 /* Products */ = {
			isa = PBXGroup;
			children = (
				16FFBFF92037217400B516E5 /* Flowing.app */,
			);
			name = Products;
			sourceTree = "<group>";
		};
		16FFBFFB2037217400B516E5 /* Flowing */ = {
			isa = PBXGroup;
			children = (
				16C74C93203A92FC00CFA1A5 /* UIparts */,
				16FFBFFC2037217400B516E5 /* AppDelegate.swift */,
				16FFBFFE2037217400B516E5 /* ViewController.swift */,
				16D1E34D203D3ABC00E40626 /* Question.swift */,
				16FFC0002037217400B516E5 /* Main.storyboard */,
				16FFC0032037217400B516E5 /* Assets.xcassets */,
				16FFC0052037217400B516E5 /* LaunchScreen.storyboard */,
				16FFC0082037217400B516E5 /* Info.plist */,
			);
			path = Flowing;
			sourceTree = "<group>";
		};
		823B99B57A8CC173BE172E68 /* Pods */ = {
			isa = PBXGroup;
			children = (
				87C739F27DDB12064DF61864 /* Pods-Flowing.debug.xcconfig */,
				328DA102E293F53EDA1D5A27 /* Pods-Flowing.release.xcconfig */,
			);
			name = Pods;
			sourceTree = "<group>";
		};
		F3CA4E829E960626A4696BF6 /* Frameworks */ = {
			isa = PBXGroup;
			children = (
				165C9FDE203859A10051D148 /* RxCocoa.framework */,
				165C9FDF203859A10051D148 /* RxSwift.framework */,
				1BE02E2EBCE549103FB7C414 /* Pods_Flowing.framework */,
			);
			name = Frameworks;
			sourceTree = "<group>";
		};
/* End PBXGroup section */

/* Begin PBXNativeTarget section */
		16FFBFF82037217400B516E5 /* Flowing */ = {
			isa = PBXNativeTarget;
			buildConfigurationList = 16FFC00B2037217400B516E5 /* Build configuration list for PBXNativeTarget "Flowing" */;
			buildPhases = (
				2AC61A90341ECDFECF0359DF /* [CP] Check Pods Manifest.lock */,
				16FFBFF52037217400B516E5 /* Sources */,
				16FFBFF62037217400B516E5 /* Frameworks */,
				16FFBFF72037217400B516E5 /* Resources */,
				44ECF5A27A772FE506DC67E3 /* [CP] Embed Pods Frameworks */,
				4AC1217AD4DF963919146D0C /* [CP] Copy Pods Resources */,
			);
			buildRules = (
			);
			dependencies = (
			);
			name = Flowing;
			productName = Flowing;
			productReference = 16FFBFF92037217400B516E5 /* Flowing.app */;
			productType = "com.apple.product-type.application";
		};
/* End PBXNativeTarget section */

/* Begin PBXProject section */
		16FFBFF12037217400B516E5 /* Project object */ = {
			isa = PBXProject;
			attributes = {
				LastSwiftUpdateCheck = 0900;
				LastUpgradeCheck = 0900;
				ORGANIZATIONNAME = "高橋勇輝";
				TargetAttributes = {
					16FFBFF82037217400B516E5 = {
						CreatedOnToolsVersion = 9.0.1;
						ProvisioningStyle = Automatic;
					};
				};
			};
			buildConfigurationList = 16FFBFF42037217400B516E5 /* Build configuration list for PBXProject "Flowing" */;
			compatibilityVersion = "Xcode 8.0";
			developmentRegion = en;
			hasScannedForEncodings = 0;
			knownRegions = (
				en,
				Base,
			);
			mainGroup = 16FFBFF02037217400B516E5;
			productRefGroup = 16FFBFFA2037217400B516E5 /* Products */;
			projectDirPath = "";
			projectRoot = "";
			targets = (
				16FFBFF82037217400B516E5 /* Flowing */,
			);
		};
/* End PBXProject section */

/* Begin PBXResourcesBuildPhase section */
		16FFBFF72037217400B516E5 /* Resources */ = {
			isa = PBXResourcesBuildPhase;
			buildActionMask = 2147483647;
			files = (
				16FFC0072037217400B516E5 /* LaunchScreen.storyboard in Resources */,
				16FFC0042037217400B516E5 /* Assets.xcassets in Resources */,
				16D1E34C203D37CD00E40626 /* Question.csv in Resources */,
				16FFC0022037217400B516E5 /* Main.storyboard in Resources */,
			);
			runOnlyForDeploymentPostprocessing = 0;
		};
/* End PBXResourcesBuildPhase section */

/* Begin PBXShellScriptBuildPhase section */
		2AC61A90341ECDFECF0359DF /* [CP] Check Pods Manifest.lock */ = {
			isa = PBXShellScriptBuildPhase;
			buildActionMask = 2147483647;
			files = (
			);
			inputPaths = (
				"${PODS_PODFILE_DIR_PATH}/Podfile.lock",
				"${PODS_ROOT}/Manifest.lock",
			);
			name = "[CP] Check Pods Manifest.lock";
			outputPaths = (
				"$(DERIVED_FILE_DIR)/Pods-Flowing-checkManifestLockResult.txt",
			);
			runOnlyForDeploymentPostprocessing = 0;
			shellPath = /bin/sh;
			shellScript = "diff \"${PODS_PODFILE_DIR_PATH}/Podfile.lock\" \"${PODS_ROOT}/Manifest.lock\" > /dev/null\nif [ $? != 0 ] ; then\n    # print error to STDERR\n    echo \"error: The sandbox is not in sync with the Podfile.lock. Run 'pod install' or update your CocoaPods installation.\" >&2\n    exit 1\nfi\n# This output is used by Xcode 'outputs' to avoid re-running this script phase.\necho \"SUCCESS\" > \"${SCRIPT_OUTPUT_FILE_0}\"\n";
			showEnvVarsInLog = 0;
		};
		44ECF5A27A772FE506DC67E3 /* [CP] Embed Pods Frameworks */ = {
			isa = PBXShellScriptBuildPhase;
			buildActionMask = 2147483647;
			files = (
			);
			inputPaths = (
				"${SRCROOT}/Pods/Target Support Files/Pods-Flowing/Pods-Flowing-frameworks.sh",
				"${BUILT_PRODUCTS_DIR}/RxCocoa/RxCocoa.framework",
				"${BUILT_PRODUCTS_DIR}/RxSwift/RxSwift.framework",
			);
			name = "[CP] Embed Pods Frameworks";
			outputPaths = (
				"${TARGET_BUILD_DIR}/${FRAMEWORKS_FOLDER_PATH}/RxCocoa.framework",
				"${TARGET_BUILD_DIR}/${FRAMEWORKS_FOLDER_PATH}/RxSwift.framework",
			);
			runOnlyForDeploymentPostprocessing = 0;
			shellPath = /bin/sh;
			shellScript = "\"${SRCROOT}/Pods/Target Support Files/Pods-Flowing/Pods-Flowing-frameworks.sh\"\n";
			showEnvVarsInLog = 0;
		};
		4AC1217AD4DF963919146D0C /* [CP] Copy Pods Resources */ = {
			isa = PBXShellScriptBuildPhase;
			buildActionMask = 2147483647;
			files = (
			);
			inputPaths = (
			);
			name = "[CP] Copy Pods Resources";
			outputPaths = (
			);
			runOnlyForDeploymentPostprocessing = 0;
			shellPath = /bin/sh;
			shellScript = "\"${SRCROOT}/Pods/Target Support Files/Pods-Flowing/Pods-Flowing-resources.sh\"\n";
			showEnvVarsInLog = 0;
		};
/* End PBXShellScriptBuildPhase section */

/* Begin PBXSourcesBuildPhase section */
		16FFBFF52037217400B516E5 /* Sources */ = {
			isa = PBXSourcesBuildPhase;
			buildActionMask = 2147483647;
			files = (
				16FFBFFF2037217400B516E5 /* ViewController.swift in Sources */,
				16FFBFFD2037217400B516E5 /* AppDelegate.swift in Sources */,
				16D1E34E203D3ABC00E40626 /* Question.swift in Sources */,
				162D71FF203C03B3009C5465 /* startButton.swift in Sources */,
				16C74C92203A92F400CFA1A5 /* answerButton.swift in Sources */,
			);
			runOnlyForDeploymentPostprocessing = 0;
		};
/* End PBXSourcesBuildPhase section */

/* Begin PBXVariantGroup section */
		16FFC0002037217400B516E5 /* Main.storyboard */ = {
			isa = PBXVariantGroup;
			children = (
				16FFC0012037217400B516E5 /* Base */,
			);
			name = Main.storyboard;
			sourceTree = "<group>";
		};
		16FFC0052037217400B516E5 /* LaunchScreen.storyboard */ = {
			isa = PBXVariantGroup;
			children = (
				16FFC0062037217400B516E5 /* Base */,
			);
			name = LaunchScreen.storyboard;
			sourceTree = "<group>";
		};
/* End PBXVariantGroup section */

/* Begin XCBuildConfiguration section */
		16FFC0092037217400B516E5 /* Debug */ = {
			isa = XCBuildConfiguration;
			buildSettings = {
				ALWAYS_SEARCH_USER_PATHS = NO;
				CLANG_ANALYZER_NONNULL = YES;
				CLANG_ANALYZER_NUMBER_OBJECT_CONVERSION = YES_AGGRESSIVE;
				CLANG_CXX_LANGUAGE_STANDARD = "gnu++14";
				CLANG_CXX_LIBRARY = "libc++";
				CLANG_ENABLE_MODULES = YES;
				CLANG_ENABLE_OBJC_ARC = YES;
				CLANG_WARN_BLOCK_CAPTURE_AUTORELEASING = YES;
				CLANG_WARN_BOOL_CONVERSION = YES;
				CLANG_WARN_COMMA = YES;
				CLANG_WARN_CONSTANT_CONVERSION = YES;
				CLANG_WARN_DIRECT_OBJC_ISA_USAGE = YES_ERROR;
				CLANG_WARN_DOCUMENTATION_COMMENTS = YES;
				CLANG_WARN_EMPTY_BODY = YES;
				CLANG_WARN_ENUM_CONVERSION = YES;
				CLANG_WARN_INFINITE_RECURSION = YES;
				CLANG_WARN_INT_CONVERSION = YES;
				CLANG_WARN_NON_LITERAL_NULL_CONVERSION = YES;
				CLANG_WARN_OBJC_LITERAL_CONVERSION = YES;
				CLANG_WARN_OBJC_ROOT_CLASS = YES_ERROR;
				CLANG_WARN_RANGE_LOOP_ANALYSIS = YES;
				CLANG_WARN_STRICT_PROTOTYPES = YES;
				CLANG_WARN_SUSPICIOUS_MOVE = YES;
				CLANG_WARN_UNGUARDED_AVAILABILITY = YES_AGGRESSIVE;
				CLANG_WARN_UNREACHABLE_CODE = YES;
				CLANG_WARN__DUPLICATE_METHOD_MATCH = YES;
				CODE_SIGN_IDENTITY = "iPhone Developer";
				COPY_PHASE_STRIP = NO;
				DEBUG_INFORMATION_FORMAT = dwarf;
				ENABLE_STRICT_OBJC_MSGSEND = YES;
				ENABLE_TESTABILITY = YES;
				GCC_C_LANGUAGE_STANDARD = gnu11;
				GCC_DYNAMIC_NO_PIC = NO;
				GCC_NO_COMMON_BLOCKS = YES;
				GCC_OPTIMIZATION_LEVEL = 0;
				GCC_PREPROCESSOR_DEFINITIONS = (
					"DEBUG=1",
					"$(inherited)",
				);
				GCC_WARN_64_TO_32_BIT_CONVERSION = YES;
				GCC_WARN_ABOUT_RETURN_TYPE = YES_ERROR;
				GCC_WARN_UNDECLARED_SELECTOR = YES;
				GCC_WARN_UNINITIALIZED_AUTOS = YES_AGGRESSIVE;
				GCC_WARN_UNUSED_FUNCTION = YES;
				GCC_WARN_UNUSED_VARIABLE = YES;
				IPHONEOS_DEPLOYMENT_TARGET = 11.0;
				MTL_ENABLE_DEBUG_INFO = YES;
				ONLY_ACTIVE_ARCH = YES;
				SDKROOT = iphoneos;
				SWIFT_ACTIVE_COMPILATION_CONDITIONS = DEBUG;
				SWIFT_OPTIMIZATION_LEVEL = "-Onone";
			};
			name = Debug;
		};
		16FFC00A2037217400B516E5 /* Release */ = {
			isa = XCBuildConfiguration;
			buildSettings = {
				ALWAYS_SEARCH_USER_PATHS = NO;
				CLANG_ANALYZER_NONNULL = YES;
				CLANG_ANALYZER_NUMBER_OBJECT_CONVERSION = YES_AGGRESSIVE;
				CLANG_CXX_LANGUAGE_STANDARD = "gnu++14";
				CLANG_CXX_LIBRARY = "libc++";
				CLANG_ENABLE_MODULES = YES;
				CLANG_ENABLE_OBJC_ARC = YES;
				CLANG_WARN_BLOCK_CAPTURE_AUTORELEASING = YES;
				CLANG_WARN_BOOL_CONVERSION = YES;
				CLANG_WARN_COMMA = YES;
				CLANG_WARN_CONSTANT_CONVERSION = YES;
				CLANG_WARN_DIRECT_OBJC_ISA_USAGE = YES_ERROR;
				CLANG_WARN_DOCUMENTATION_COMMENTS = YES;
				CLANG_WARN_EMPTY_BODY = YES;
				CLANG_WARN_ENUM_CONVERSION = YES;
				CLANG_WARN_INFINITE_RECURSION = YES;
				CLANG_WARN_INT_CONVERSION = YES;
				CLANG_WARN_NON_LITERAL_NULL_CONVERSION = YES;
				CLANG_WARN_OBJC_LITERAL_CONVERSION = YES;
				CLANG_WARN_OBJC_ROOT_CLASS = YES_ERROR;
				CLANG_WARN_RANGE_LOOP_ANALYSIS = YES;
				CLANG_WARN_STRICT_PROTOTYPES = YES;
				CLANG_WARN_SUSPICIOUS_MOVE = YES;
				CLANG_WARN_UNGUARDED_AVAILABILITY = YES_AGGRESSIVE;
				CLANG_WARN_UNREACHABLE_CODE = YES;
				CLANG_WARN__DUPLICATE_METHOD_MATCH = YES;
				CODE_SIGN_IDENTITY = "iPhone Developer";
				COPY_PHASE_STRIP = NO;
				DEBUG_INFORMATION_FORMAT = "dwarf-with-dsym";
				ENABLE_NS_ASSERTIONS = NO;
				ENABLE_STRICT_OBJC_MSGSEND = YES;
				GCC_C_LANGUAGE_STANDARD = gnu11;
				GCC_NO_COMMON_BLOCKS = YES;
				GCC_WARN_64_TO_32_BIT_CONVERSION = YES;
				GCC_WARN_ABOUT_RETURN_TYPE = YES_ERROR;
				GCC_WARN_UNDECLARED_SELECTOR = YES;
				GCC_WARN_UNINITIALIZED_AUTOS = YES_AGGRESSIVE;
				GCC_WARN_UNUSED_FUNCTION = YES;
				GCC_WARN_UNUSED_VARIABLE = YES;
				IPHONEOS_DEPLOYMENT_TARGET = 11.0;
				MTL_ENABLE_DEBUG_INFO = NO;
				SDKROOT = iphoneos;
				SWIFT_OPTIMIZATION_LEVEL = "-Owholemodule";
				VALIDATE_PRODUCT = YES;
			};
			name = Release;
		};
		16FFC00C2037217400B516E5 /* Debug */ = {
			isa = XCBuildConfiguration;
			baseConfigurationReference = 87C739F27DDB12064DF61864 /* Pods-Flowing.debug.xcconfig */;
			buildSettings = {
				ASSETCATALOG_COMPILER_APPICON_NAME = AppIcon;
				CODE_SIGN_STYLE = Automatic;
				DEVELOPMENT_TEAM = 24M9ECV3K5;
				INFOPLIST_FILE = Flowing/Info.plist;
				LD_RUNPATH_SEARCH_PATHS = "$(inherited) @executable_path/Frameworks";
				PRODUCT_BUNDLE_IDENTIFIER = goombeer.Flowing;
				PRODUCT_NAME = "$(TARGET_NAME)";
				SWIFT_VERSION = 4.0;
				TARGETED_DEVICE_FAMILY = "1,2";
			};
			name = Debug;
		};
		16FFC00D2037217400B516E5 /* Release */ = {
			isa = XCBuildConfiguration;
			baseConfigurationReference = 328DA102E293F53EDA1D5A27 /* Pods-Flowing.release.xcconfig */;
			buildSettings = {
				ASSETCATALOG_COMPILER_APPICON_NAME = AppIcon;
				CODE_SIGN_STYLE = Automatic;
				DEVELOPMENT_TEAM = 24M9ECV3K5;
				INFOPLIST_FILE = Flowing/Info.plist;
				LD_RUNPATH_SEARCH_PATHS = "$(inherited) @executable_path/Frameworks";
				PRODUCT_BUNDLE_IDENTIFIER = goombeer.Flowing;
				PRODUCT_NAME = "$(TARGET_NAME)";
				SWIFT_VERSION = 4.0;
				TARGETED_DEVICE_FAMILY = "1,2";
			};
			name = Release;
		};
/* End XCBuildConfiguration section */

/* Begin XCConfigurationList section */
		16FFBFF42037217400B516E5 /* Build configuration list for PBXProject "Flowing" */ = {
			isa = XCConfigurationList;
			buildConfigurations = (
				16FFC0092037217400B516E5 /* Debug */,
				16FFC00A2037217400B516E5 /* Release */,
			);
			defaultConfigurationIsVisible = 0;
			defaultConfigurationName = Release;
		};
		16FFC00B2037217400B516E5 /* Build configuration list for PBXNativeTarget "Flowing" */ = {
			isa = XCConfigurationList;
			buildConfigurations = (
				16FFC00C2037217400B516E5 /* Debug */,
				16FFC00D2037217400B516E5 /* Release */,
			);
			defaultConfigurationIsVisible = 0;
			defaultConfigurationName = Release;
		};
/* End XCConfigurationList section */
	};
	rootObject = 16FFBFF12037217400B516E5 /* Project object */;
}
